
Microsoft Visual Studio Solution File, Format Version 12.00
# Visual Studio Version 17
VisualStudioVersion = 17.12.35728.132
MinimumVisualStudioVersion = 10.0.40219.1
Project("{E24C65DC-7377-472B-9ABA-BC803B73C61A}") = "my-next-app", "my-next-app\", "{C8C5E064-494B-439B-AC25-7C19A8847C08}"
	ProjectSection(WebsiteProperties) = preProject
		TargetFrameworkMoniker = ".NETFramework,Version%3Dv4.8"
		Debug.AspNetCompiler.VirtualPath = "/localhost_56908"
		Debug.AspNetCompiler.PhysicalPath = "my-next-app\"
		Debug.AspNetCompiler.TargetPath = "PrecompiledWeb\localhost_56908\"
		Debug.AspNetCompiler.Updateable = "true"
		Debug.AspNetCompiler.ForceOverwrite = "true"
		Debug.AspNetCompiler.FixedNames = "false"
		Debug.AspNetCompiler.Debug = "True"
		Release.AspNetCompiler.VirtualPath = "/localhost_56908"
		Release.AspNetCompiler.PhysicalPath = "my-next-app\"
		Release.AspNetCompiler.TargetPath = "PrecompiledWeb\localhost_56908\"
		Release.AspNetCompiler.Updateable = "true"
		Release.AspNetCompiler.ForceOverwrite = "true"
		Release.AspNetCompiler.FixedNames = "false"
		Release.AspNetCompiler.Debug = "False"
		VWDPort = "56908"
	EndProjectSection
EndProject
Project("{FAE04EC0-301F-11D3-BF4B-00C04F79EFBC}") = "NewBackendApi", "NewBackendApi\NewBackendApi.csproj", "{F86AAAA9-B223-4D28-8BCC-62008F49E697}"
EndProject
Global
	GlobalSection(SolutionConfigurationPlatforms) = preSolution
		Debug|Any CPU = Debug|Any CPU
		Release|Any CPU = Release|Any CPU
	EndGlobalSection
	GlobalSection(ProjectConfigurationPlatforms) = postSolution
		{C8C5E064-494B-439B-AC25-7C19A8847C08}.Debug|Any CPU.ActiveCfg = Debug|Any CPU
		{C8C5E064-494B-439B-AC25-7C19A8847C08}.Debug|Any CPU.Build.0 = Debug|Any CPU
		{C8C5E064-494B-439B-AC25-7C19A8847C08}.Release|Any CPU.ActiveCfg = Debug|Any CPU
		{C8C5E064-494B-439B-AC25-7C19A8847C08}.Release|Any CPU.Build.0 = Debug|Any CPU
		{F86AAAA9-B223-4D28-8BCC-62008F49E697}.Debug|Any CPU.ActiveCfg = Debug|Any CPU
		{F86AAAA9-B223-4D28-8BCC-62008F49E697}.Debug|Any CPU.Build.0 = Debug|Any CPU
		{F86AAAA9-B223-4D28-8BCC-62008F49E697}.Release|Any CPU.ActiveCfg = Release|Any CPU
		{F86AAAA9-B223-4D28-8BCC-62008F49E697}.Release|Any CPU.Build.0 = Release|Any CPU
	EndGlobalSection
	GlobalSection(SolutionProperties) = preSolution
		HideSolutionNode = FALSE
	EndGlobalSection
EndGlobal
