
Microsoft Visual Studio Solution File, Format Version 12.00
# Visual Studio Version 17
VisualStudioVersion = 17.12.35728.132 d17.12
MinimumVisualStudioVersion = 10.0.40219.1
Project("{FAE04EC0-301F-11D3-BF4B-00C04F79EFBC}") = "NextReactAppTest", "NextReactAppTest\NextReactAppTest.csproj", "{5DF6BCB4-0E7E-4997-9257-9C780B1839FD}"
EndProject
Project("{9092AA53-FB77-4645-B42D-1CCCA6BD08BD}") = "NodejsConsoleApp1", "NodejsConsoleApp1\NodejsConsoleApp1.njsproj", "{494FF62C-586F-4FEA-82B3-E1DDFFAD2C3E}"
EndProject
Project("{E24C65DC-7377-472B-9ABA-BC803B73C61A}") = "my-next-app", "my-next-app\", "{C8C5E064-494B-439B-AC25-7C19A8847C08}"
	ProjectSection(WebsiteProperties) = preProject
		TargetFrameworkMoniker = ".NETFramework,Version%3Dv4.8"
		Debug.AspNetCompiler.VirtualPath = "/localhost_56908"
		Debug.AspNetCompiler.PhysicalPath = "my-next-app\"
		Debug.AspNetCompiler.TargetPath = "PrecompiledWeb\localhost_56908\"
		Debug.AspNetCompiler.Updateable = "true"
		Debug.AspNetCompiler.ForceOverwrite = "true"
		Debug.AspNetCompiler.FixedNames = "false"
		Debug.AspNetCompiler.Debug = "True"
		Release.AspNetCompiler.VirtualPath = "/localhost_56908"
		Release.AspNetCompiler.PhysicalPath = "my-next-app\"
		Release.AspNetCompiler.TargetPath = "PrecompiledWeb\localhost_56908\"
		Release.AspNetCompiler.Updateable = "true"
		Release.AspNetCompiler.ForceOverwrite = "true"
		Release.AspNetCompiler.FixedNames = "false"
		Release.AspNetCompiler.Debug = "False"
		VWDPort = "56908"
	EndProjectSection
EndProject
Global
	GlobalSection(SolutionConfigurationPlatforms) = preSolution
		Debug|Any CPU = Debug|Any CPU
		Release|Any CPU = Release|Any CPU
	EndGlobalSection
	GlobalSection(ProjectConfigurationPlatforms) = postSolution
		{5DF6BCB4-0E7E-4997-9257-9C780B1839FD}.Debug|Any CPU.ActiveCfg = Debug|Any CPU
		{5DF6BCB4-0E7E-4997-9257-9C780B1839FD}.Debug|Any CPU.Build.0 = Debug|Any CPU
		{5DF6BCB4-0E7E-4997-9257-9C780B1839FD}.Release|Any CPU.ActiveCfg = Release|Any CPU
		{5DF6BCB4-0E7E-4997-9257-9C780B1839FD}.Release|Any CPU.Build.0 = Release|Any CPU
		{494FF62C-586F-4FEA-82B3-E1DDFFAD2C3E}.Debug|Any CPU.ActiveCfg = Debug|Any CPU
		{494FF62C-586F-4FEA-82B3-E1DDFFAD2C3E}.Debug|Any CPU.Build.0 = Debug|Any CPU
		{494FF62C-586F-4FEA-82B3-E1DDFFAD2C3E}.Release|Any CPU.ActiveCfg = Release|Any CPU
		{494FF62C-586F-4FEA-82B3-E1DDFFAD2C3E}.Release|Any CPU.Build.0 = Release|Any CPU
		{C8C5E064-494B-439B-AC25-7C19A8847C08}.Debug|Any CPU.ActiveCfg = Debug|Any CPU
		{C8C5E064-494B-439B-AC25-7C19A8847C08}.Debug|Any CPU.Build.0 = Debug|Any CPU
		{C8C5E064-494B-439B-AC25-7C19A8847C08}.Release|Any CPU.ActiveCfg = Debug|Any CPU
		{C8C5E064-494B-439B-AC25-7C19A8847C08}.Release|Any CPU.Build.0 = Debug|Any CPU
	EndGlobalSection
	GlobalSection(SolutionProperties) = preSolution
		HideSolutionNode = FALSE
	EndGlobalSection
EndGlobal
